
Microsoft Visual Studio Solution File, Format Version 12.00
# Visual Studio Version 17
VisualStudioVersion = 17.11.35327.3
MinimumVisualStudioVersion = 10.0.40219.1
Project("{FAE04EC0-301F-11D3-BF4B-00C04F79EFBC}") = "MyPatient", "MyPatient.csproj", "{21D9A258-84F9-4E1F-BB80-14D090AC205B}"
EndProject
Global
	GlobalSection(SolutionConfigurationPlatforms) = preSolution
		Debug|Any CPU = Debug|Any CPU
		Release|Any CPU = Release|Any CPU
	EndGlobalSection
	GlobalSection(ProjectConfigurationPlatforms) = postSolution
		{21D9A258-84F9-4E1F-BB80-14D090AC205B}.Debug|Any CPU.ActiveCfg = Debug|Any CPU
		{21D9A258-84F9-4E1F-BB80-14D090AC205B}.Debug|Any CPU.Build.0 = Debug|Any CPU
		{21D9A258-84F9-4E1F-BB80-14D090AC205B}.Release|Any CPU.ActiveCfg = Release|Any CPU
		{21D9A258-84F9-4E1F-BB80-14D090AC205B}.Release|Any CPU.Build.0 = Release|Any CPU
	EndGlobalSection
	GlobalSection(SolutionProperties) = preSolution
		HideSolutionNode = FALSE
	EndGlobalSection
	GlobalSection(ExtensibilityGlobals) = postSolution
		SolutionGuid = {10112AE3-3D09-4636-BFB5-3A2AB2D5FE45}
	EndGlobalSection
EndGlobal
